
Microsoft Visual Studio Solution File, Format Version 12.00
# Visual Studio 15
VisualStudioVersion = 15.0.27004.2008
MinimumVisualStudioVersion = 10.0.40219.1
Project("{FAE04EC0-301F-11D3-BF4B-00C04F79EFBC}") = "Collection Use", "Collection Use\Collection Use.csproj", "{274B713E-81BF-4337-A2F4-F567EEEA842D}"
EndProject
Global
	GlobalSection(SolutionConfigurationPlatforms) = preSolution
		Debug|Any CPU = Debug|Any CPU
		Release|Any CPU = Release|Any CPU
	EndGlobalSection
	GlobalSection(ProjectConfigurationPlatforms) = postSolution
		{274B713E-81BF-4337-A2F4-F567EEEA842D}.Debug|Any CPU.ActiveCfg = Debug|Any CPU
		{274B713E-81BF-4337-A2F4-F567EEEA842D}.Debug|Any CPU.Build.0 = Debug|Any CPU
		{274B713E-81BF-4337-A2F4-F567EEEA842D}.Release|Any CPU.ActiveCfg = Release|Any CPU
		{274B713E-81BF-4337-A2F4-F567EEEA842D}.Release|Any CPU.Build.0 = Release|Any CPU
	EndGlobalSection
	GlobalSection(SolutionProperties) = preSolution
		HideSolutionNode = FALSE
	EndGlobalSection
	GlobalSection(ExtensibilityGlobals) = postSolution
		SolutionGuid = {9D706D74-E2B0-44FC-8391-8C5B5D0AC05F}
	EndGlobalSection
EndGlobal
